
Microsoft Visual Studio Solution File, Format Version 12.00
Project("{FAE04EC0-301F-11D3-BF4B-00C04F79EFBC}") = "Chuss2", "Chuss2.csproj", "{8507F751-45CE-4608-B74D-22BC65BCF52D}"
EndProject
Global
	GlobalSection(SolutionConfigurationPlatforms) = preSolution
		Debug|Any CPU = Debug|Any CPU
		Release|Any CPU = Release|Any CPU
	EndGlobalSection
	GlobalSection(ProjectConfigurationPlatforms) = postSolution
		{8507F751-45CE-4608-B74D-22BC65BCF52D}.Debug|Any CPU.ActiveCfg = Debug|Any CPU
		{8507F751-45CE-4608-B74D-22BC65BCF52D}.Debug|Any CPU.Build.0 = Debug|Any CPU
		{8507F751-45CE-4608-B74D-22BC65BCF52D}.Release|Any CPU.ActiveCfg = Release|Any CPU
		{8507F751-45CE-4608-B74D-22BC65BCF52D}.Release|Any CPU.Build.0 = Release|Any CPU
	EndGlobalSection
EndGlobal
